
Microsoft Visual Studio Solution File, Format Version 12.00
# Visual Studio 15
VisualStudioVersion = 15.0.27130.2027
MinimumVisualStudioVersion = 10.0.40219.1
Project("{2150E333-8FDC-42A3-9474-1A3956D46DE8}") = "UI", "UI", "{660DA004-8DA9-4955-B743-7DC0775B22B6}"
EndProject
Project("{FAE04EC0-301F-11D3-BF4B-00C04F79EFBC}") = "TradingBot.WinForms", "TradingBot.WinForms\TradingBot.WinForms.csproj", "{71495B78-CAB1-4974-B1D0-70DAC2E1857D}"
EndProject
Project("{2150E333-8FDC-42A3-9474-1A3956D46DE8}") = "Core", "Core", "{DA2B2593-4642-4C9F-9D15-2F64D8B9CA1C}"
EndProject
Project("{9A19103F-16F7-4668-BE54-9A1E7A4F7556}") = "TradingBot.Core", "TradingBot.Core\TradingBot.Core.csproj", "{D49B0CCE-7EBE-430D-8C92-4221752F3329}"
EndProject
Project("{2150E333-8FDC-42A3-9474-1A3956D46DE8}") = "Domain", "Domain", "{41B64D87-71AB-49D6-BA76-8B8325977B3D}"
EndProject
Project("{FAE04EC0-301F-11D3-BF4B-00C04F79EFBC}") = "TradingBot.Domain", "Domain\TradingBot.Domain.csproj", "{0C9EF55E-F464-42F3-A345-E01DFA548BCC}"
EndProject
Project("{FAE04EC0-301F-11D3-BF4B-00C04F79EFBC}") = "Common", "Common\Common.csproj", "{CEFC6906-AA84-4056-9286-65CC2A6CA2CE}"
EndProject
Project("{FAE04EC0-301F-11D3-BF4B-00C04F79EFBC}") = "TradingBot.Cmd", "TradingBot.Console\TradingBot.Cmd.csproj", "{157E9E59-AAB3-4328-A13E-800B15E61CAF}"
EndProject
Project("{2150E333-8FDC-42A3-9474-1A3956D46DE8}") = "Exchange.API", "Exchange.API", "{85E0A353-6B44-4984-9660-8B235EBF9FE6}"
EndProject
Project("{9A19103F-16F7-4668-BE54-9A1E7A4F7556}") = "Yobit.Api", "Yobit.Exchange.Api\Yobit.Api.csproj", "{0EA3272E-DFBE-4126-801C-16D9A3BB7BEB}"
EndProject
Project("{FAE04EC0-301F-11D3-BF4B-00C04F79EFBC}") = "TradinBot.Services", "TradinBot.Services\TradinBot.Services.csproj", "{E8E30FA4-4BB3-4EAD-A120-30B14ADB73E2}"
EndProject
Global
	GlobalSection(SolutionConfigurationPlatforms) = preSolution
		Debug|Any CPU = Debug|Any CPU
		Release|Any CPU = Release|Any CPU
	EndGlobalSection
	GlobalSection(ProjectConfigurationPlatforms) = postSolution
		{71495B78-CAB1-4974-B1D0-70DAC2E1857D}.Debug|Any CPU.ActiveCfg = Debug|Any CPU
		{71495B78-CAB1-4974-B1D0-70DAC2E1857D}.Debug|Any CPU.Build.0 = Debug|Any CPU
		{71495B78-CAB1-4974-B1D0-70DAC2E1857D}.Release|Any CPU.ActiveCfg = Release|Any CPU
		{71495B78-CAB1-4974-B1D0-70DAC2E1857D}.Release|Any CPU.Build.0 = Release|Any CPU
		{D49B0CCE-7EBE-430D-8C92-4221752F3329}.Debug|Any CPU.ActiveCfg = Debug|Any CPU
		{D49B0CCE-7EBE-430D-8C92-4221752F3329}.Debug|Any CPU.Build.0 = Debug|Any CPU
		{D49B0CCE-7EBE-430D-8C92-4221752F3329}.Release|Any CPU.ActiveCfg = Release|Any CPU
		{D49B0CCE-7EBE-430D-8C92-4221752F3329}.Release|Any CPU.Build.0 = Release|Any CPU
		{0C9EF55E-F464-42F3-A345-E01DFA548BCC}.Debug|Any CPU.ActiveCfg = Debug|Any CPU
		{0C9EF55E-F464-42F3-A345-E01DFA548BCC}.Debug|Any CPU.Build.0 = Debug|Any CPU
		{0C9EF55E-F464-42F3-A345-E01DFA548BCC}.Release|Any CPU.ActiveCfg = Release|Any CPU
		{0C9EF55E-F464-42F3-A345-E01DFA548BCC}.Release|Any CPU.Build.0 = Release|Any CPU
		{CEFC6906-AA84-4056-9286-65CC2A6CA2CE}.Debug|Any CPU.ActiveCfg = Debug|Any CPU
		{CEFC6906-AA84-4056-9286-65CC2A6CA2CE}.Debug|Any CPU.Build.0 = Debug|Any CPU
		{CEFC6906-AA84-4056-9286-65CC2A6CA2CE}.Release|Any CPU.ActiveCfg = Release|Any CPU
		{CEFC6906-AA84-4056-9286-65CC2A6CA2CE}.Release|Any CPU.Build.0 = Release|Any CPU
		{157E9E59-AAB3-4328-A13E-800B15E61CAF}.Debug|Any CPU.ActiveCfg = Debug|Any CPU
		{157E9E59-AAB3-4328-A13E-800B15E61CAF}.Debug|Any CPU.Build.0 = Debug|Any CPU
		{157E9E59-AAB3-4328-A13E-800B15E61CAF}.Release|Any CPU.ActiveCfg = Release|Any CPU
		{157E9E59-AAB3-4328-A13E-800B15E61CAF}.Release|Any CPU.Build.0 = Release|Any CPU
		{0EA3272E-DFBE-4126-801C-16D9A3BB7BEB}.Debug|Any CPU.ActiveCfg = Debug|Any CPU
		{0EA3272E-DFBE-4126-801C-16D9A3BB7BEB}.Debug|Any CPU.Build.0 = Debug|Any CPU
		{0EA3272E-DFBE-4126-801C-16D9A3BB7BEB}.Release|Any CPU.ActiveCfg = Release|Any CPU
		{0EA3272E-DFBE-4126-801C-16D9A3BB7BEB}.Release|Any CPU.Build.0 = Release|Any CPU
		{E8E30FA4-4BB3-4EAD-A120-30B14ADB73E2}.Debug|Any CPU.ActiveCfg = Debug|Any CPU
		{E8E30FA4-4BB3-4EAD-A120-30B14ADB73E2}.Debug|Any CPU.Build.0 = Debug|Any CPU
		{E8E30FA4-4BB3-4EAD-A120-30B14ADB73E2}.Release|Any CPU.ActiveCfg = Release|Any CPU
		{E8E30FA4-4BB3-4EAD-A120-30B14ADB73E2}.Release|Any CPU.Build.0 = Release|Any CPU
	EndGlobalSection
	GlobalSection(SolutionProperties) = preSolution
		HideSolutionNode = FALSE
	EndGlobalSection
	GlobalSection(NestedProjects) = preSolution
		{71495B78-CAB1-4974-B1D0-70DAC2E1857D} = {660DA004-8DA9-4955-B743-7DC0775B22B6}
		{D49B0CCE-7EBE-430D-8C92-4221752F3329} = {DA2B2593-4642-4C9F-9D15-2F64D8B9CA1C}
		{0C9EF55E-F464-42F3-A345-E01DFA548BCC} = {41B64D87-71AB-49D6-BA76-8B8325977B3D}
		{CEFC6906-AA84-4056-9286-65CC2A6CA2CE} = {DA2B2593-4642-4C9F-9D15-2F64D8B9CA1C}
		{157E9E59-AAB3-4328-A13E-800B15E61CAF} = {660DA004-8DA9-4955-B743-7DC0775B22B6}
		{0EA3272E-DFBE-4126-801C-16D9A3BB7BEB} = {85E0A353-6B44-4984-9660-8B235EBF9FE6}
		{E8E30FA4-4BB3-4EAD-A120-30B14ADB73E2} = {DA2B2593-4642-4C9F-9D15-2F64D8B9CA1C}
	EndGlobalSection
	GlobalSection(ExtensibilityGlobals) = postSolution
		SolutionGuid = {BDE7EDEE-E5DB-4F69-8BE2-21FE15B3001B}
	EndGlobalSection
EndGlobal
