
Microsoft Visual Studio Solution File, Format Version 12.00
# Visual Studio 15
VisualStudioVersion = 15.0.27130.2027
MinimumVisualStudioVersion = 10.0.40219.1
Project("{2150E333-8FDC-42A3-9474-1A3956D46DE8}") = "UI", "UI", "{660DA004-8DA9-4955-B743-7DC0775B22B6}"
EndProject
Project("{9A19103F-16F7-4668-BE54-9A1E7A4F7556}") = "TradingBot.CommandPrompt", "TradingBot.CommandPrompt\TradingBot.CommandPrompt.csproj", "{A494F045-2169-40EF-828F-D1EE8307A101}"
EndProject
Project("{2150E333-8FDC-42A3-9474-1A3956D46DE8}") = "Core", "Core", "{DA2B2593-4642-4C9F-9D15-2F64D8B9CA1C}"
EndProject
Project("{9A19103F-16F7-4668-BE54-9A1E7A4F7556}") = "TradingBot.Core", "TradingBot.Core\TradingBot.Core.csproj", "{52453AD4-1CB6-4F6A-B93F-FD20172A0A04}"
EndProject
Project("{2150E333-8FDC-42A3-9474-1A3956D46DE8}") = "Exchange.API", "Exchange.API", "{9061B569-A4A3-47B9-8F23-5C04F3526046}"
EndProject
Project("{9A19103F-16F7-4668-BE54-9A1E7A4F7556}") = "TradingBot.Data", "TradingBot.Data\TradingBot.Data.csproj", "{3763444D-C277-47A8-B0EB-233F632BBE96}"
EndProject
Project("{9A19103F-16F7-4668-BE54-9A1E7A4F7556}") = "Bitfinex.Api", "Exchange.API\Bitfinex.Api\Bitfinex.Api.csproj", "{77C04EF5-B8AF-49E3-9732-7EF99CEFFD54}"
EndProject
Project("{9A19103F-16F7-4668-BE54-9A1E7A4F7556}") = "Exmo.Api", "Exchange.API\Exmo.Api\Exmo.Api.csproj", "{03FDC27C-A150-444A-AAEC-E155FD61A0AA}"
EndProject
Project("{9A19103F-16F7-4668-BE54-9A1E7A4F7556}") = "Yobit.Api", "Exchange.API\Yobit.Api\Yobit.Api.csproj", "{1861FBAF-F851-4825-844C-77A4B04AA0FC}"
EndProject
Project("{9A19103F-16F7-4668-BE54-9A1E7A4F7556}") = "TradingBot.Services", "TradingBot.Services\TradingBot.Services.csproj", "{CB8B3D5F-FBE8-47C3-9C5D-A74020FD9011}"
EndProject
Project("{9A19103F-16F7-4668-BE54-9A1E7A4F7556}") = "TradingBot.Common", "TradingBot.Common\TradingBot.Common.csproj", "{94DCEE1E-0FDA-46FC-BA37-4E5193B12902}"
EndProject
Project("{2150E333-8FDC-42A3-9474-1A3956D46DE8}") = "Tests", "Tests", "{3E289CDB-B035-46B7-8127-DCAAE67734B2}"
EndProject
Project("{9A19103F-16F7-4668-BE54-9A1E7A4F7556}") = "TradingBot.Tests", "TradingBot.Tests\TradingBot.Tests.csproj", "{8313D982-3BD6-439B-8B4E-9854CBFCE6C5}"
EndProject
Project("{9A19103F-16F7-4668-BE54-9A1E7A4F7556}") = "TradingBot.Web", "TradingBot.Web\TradingBot.Web.csproj", "{B520213F-873A-4C46-844E-1E5A49B50D1A}"
EndProject
Project("{9A19103F-16F7-4668-BE54-9A1E7A4F7556}") = "Cryptopia.Api", "Exchange.API\Cryptopia.Api\Cryptopia.Api.csproj", "{4289F61F-08F1-42FA-A8F1-AAF9BE24D2DF}"
EndProject
Project("{9A19103F-16F7-4668-BE54-9A1E7A4F7556}") = "Kucoin.Api", "Exchange.API\Kucoin.Api\Kucoin.Api.csproj", "{565771E4-0CEF-4A74-BAAC-BC1ABDCBDEA3}"
EndProject
Project("{9A19103F-16F7-4668-BE54-9A1E7A4F7556}") = "Okex.Api", "Exchange.API\Okex.Api\Okex.Api.csproj", "{0BB4EFBA-34AE-456E-932B-C93AE42E2C24}"
EndProject
Project("{9A19103F-16F7-4668-BE54-9A1E7A4F7556}") = "Huobi.Api", "Exchange.API\Huobi.Api\Huobi.Api.csproj", "{BE660EF4-6BE1-47D7-8F11-F1F8AAF6BD10}"
EndProject
Project("{9A19103F-16F7-4668-BE54-9A1E7A4F7556}") = "Binance.Api", "Exchange.API\Binance.Api\Binance.Api.csproj", "{FCE5DA40-AC91-4DF9-A315-CC4594D71625}"
EndProject
Project("{9A19103F-16F7-4668-BE54-9A1E7A4F7556}") = "TradingBot.CurrencyProvider", "TradingBot.CurrencyProvider\TradingBot.CurrencyProvider.csproj", "{4757BB23-8BF0-46BB-8EF7-21EA2251531F}"
EndProject
Project("{9A19103F-16F7-4668-BE54-9A1E7A4F7556}") = "TradingBot.Scanner", "TradingBot.Scanner\TradingBot.Scanner.csproj", "{3E747610-8CF6-41D9-BA61-16824A3F95B2}"
EndProject
Project("{9A19103F-16F7-4668-BE54-9A1E7A4F7556}") = "TradingBot.Jobs", "TradingBot.Tasks\TradingBot.Jobs.csproj", "{5029F47B-E1C5-4AFC-AB69-AAEF9D85DD48}"
EndProject
Project("{9A19103F-16F7-4668-BE54-9A1E7A4F7556}") = "Bitmex.Api", "Exchange.API\Bitmex.Api\Bitmex.Api.csproj", "{C31C44AB-8865-44DF-BCFD-B64E255F040B}"
EndProject
Global
	GlobalSection(SolutionConfigurationPlatforms) = preSolution
		Debug|Any CPU = Debug|Any CPU
		Release|Any CPU = Release|Any CPU
	EndGlobalSection
	GlobalSection(ProjectConfigurationPlatforms) = postSolution
		{A494F045-2169-40EF-828F-D1EE8307A101}.Debug|Any CPU.ActiveCfg = Debug|Any CPU
		{A494F045-2169-40EF-828F-D1EE8307A101}.Debug|Any CPU.Build.0 = Debug|Any CPU
		{A494F045-2169-40EF-828F-D1EE8307A101}.Release|Any CPU.ActiveCfg = Release|Any CPU
		{A494F045-2169-40EF-828F-D1EE8307A101}.Release|Any CPU.Build.0 = Release|Any CPU
		{52453AD4-1CB6-4F6A-B93F-FD20172A0A04}.Debug|Any CPU.ActiveCfg = Debug|Any CPU
		{52453AD4-1CB6-4F6A-B93F-FD20172A0A04}.Debug|Any CPU.Build.0 = Debug|Any CPU
		{52453AD4-1CB6-4F6A-B93F-FD20172A0A04}.Release|Any CPU.ActiveCfg = Release|Any CPU
		{52453AD4-1CB6-4F6A-B93F-FD20172A0A04}.Release|Any CPU.Build.0 = Release|Any CPU
		{3763444D-C277-47A8-B0EB-233F632BBE96}.Debug|Any CPU.ActiveCfg = Debug|Any CPU
		{3763444D-C277-47A8-B0EB-233F632BBE96}.Debug|Any CPU.Build.0 = Debug|Any CPU
		{3763444D-C277-47A8-B0EB-233F632BBE96}.Release|Any CPU.ActiveCfg = Release|Any CPU
		{3763444D-C277-47A8-B0EB-233F632BBE96}.Release|Any CPU.Build.0 = Release|Any CPU
		{77C04EF5-B8AF-49E3-9732-7EF99CEFFD54}.Debug|Any CPU.ActiveCfg = Debug|Any CPU
		{77C04EF5-B8AF-49E3-9732-7EF99CEFFD54}.Debug|Any CPU.Build.0 = Debug|Any CPU
		{77C04EF5-B8AF-49E3-9732-7EF99CEFFD54}.Release|Any CPU.ActiveCfg = Release|Any CPU
		{77C04EF5-B8AF-49E3-9732-7EF99CEFFD54}.Release|Any CPU.Build.0 = Release|Any CPU
		{03FDC27C-A150-444A-AAEC-E155FD61A0AA}.Debug|Any CPU.ActiveCfg = Debug|Any CPU
		{03FDC27C-A150-444A-AAEC-E155FD61A0AA}.Debug|Any CPU.Build.0 = Debug|Any CPU
		{03FDC27C-A150-444A-AAEC-E155FD61A0AA}.Release|Any CPU.ActiveCfg = Release|Any CPU
		{03FDC27C-A150-444A-AAEC-E155FD61A0AA}.Release|Any CPU.Build.0 = Release|Any CPU
		{1861FBAF-F851-4825-844C-77A4B04AA0FC}.Debug|Any CPU.ActiveCfg = Debug|Any CPU
		{1861FBAF-F851-4825-844C-77A4B04AA0FC}.Debug|Any CPU.Build.0 = Debug|Any CPU
		{1861FBAF-F851-4825-844C-77A4B04AA0FC}.Release|Any CPU.ActiveCfg = Release|Any CPU
		{1861FBAF-F851-4825-844C-77A4B04AA0FC}.Release|Any CPU.Build.0 = Release|Any CPU
		{CB8B3D5F-FBE8-47C3-9C5D-A74020FD9011}.Debug|Any CPU.ActiveCfg = Debug|Any CPU
		{CB8B3D5F-FBE8-47C3-9C5D-A74020FD9011}.Debug|Any CPU.Build.0 = Debug|Any CPU
		{CB8B3D5F-FBE8-47C3-9C5D-A74020FD9011}.Release|Any CPU.ActiveCfg = Release|Any CPU
		{CB8B3D5F-FBE8-47C3-9C5D-A74020FD9011}.Release|Any CPU.Build.0 = Release|Any CPU
		{94DCEE1E-0FDA-46FC-BA37-4E5193B12902}.Debug|Any CPU.ActiveCfg = Debug|Any CPU
		{94DCEE1E-0FDA-46FC-BA37-4E5193B12902}.Debug|Any CPU.Build.0 = Debug|Any CPU
		{94DCEE1E-0FDA-46FC-BA37-4E5193B12902}.Release|Any CPU.ActiveCfg = Release|Any CPU
		{94DCEE1E-0FDA-46FC-BA37-4E5193B12902}.Release|Any CPU.Build.0 = Release|Any CPU
		{8313D982-3BD6-439B-8B4E-9854CBFCE6C5}.Debug|Any CPU.ActiveCfg = Debug|Any CPU
		{8313D982-3BD6-439B-8B4E-9854CBFCE6C5}.Debug|Any CPU.Build.0 = Debug|Any CPU
		{8313D982-3BD6-439B-8B4E-9854CBFCE6C5}.Release|Any CPU.ActiveCfg = Release|Any CPU
		{8313D982-3BD6-439B-8B4E-9854CBFCE6C5}.Release|Any CPU.Build.0 = Release|Any CPU
		{B520213F-873A-4C46-844E-1E5A49B50D1A}.Debug|Any CPU.ActiveCfg = Debug|Any CPU
		{B520213F-873A-4C46-844E-1E5A49B50D1A}.Debug|Any CPU.Build.0 = Debug|Any CPU
		{B520213F-873A-4C46-844E-1E5A49B50D1A}.Release|Any CPU.ActiveCfg = Release|Any CPU
		{B520213F-873A-4C46-844E-1E5A49B50D1A}.Release|Any CPU.Build.0 = Release|Any CPU
		{4289F61F-08F1-42FA-A8F1-AAF9BE24D2DF}.Debug|Any CPU.ActiveCfg = Debug|Any CPU
		{4289F61F-08F1-42FA-A8F1-AAF9BE24D2DF}.Debug|Any CPU.Build.0 = Debug|Any CPU
		{4289F61F-08F1-42FA-A8F1-AAF9BE24D2DF}.Release|Any CPU.ActiveCfg = Release|Any CPU
		{4289F61F-08F1-42FA-A8F1-AAF9BE24D2DF}.Release|Any CPU.Build.0 = Release|Any CPU
		{565771E4-0CEF-4A74-BAAC-BC1ABDCBDEA3}.Debug|Any CPU.ActiveCfg = Debug|Any CPU
		{565771E4-0CEF-4A74-BAAC-BC1ABDCBDEA3}.Debug|Any CPU.Build.0 = Debug|Any CPU
		{565771E4-0CEF-4A74-BAAC-BC1ABDCBDEA3}.Release|Any CPU.ActiveCfg = Release|Any CPU
		{565771E4-0CEF-4A74-BAAC-BC1ABDCBDEA3}.Release|Any CPU.Build.0 = Release|Any CPU
		{0BB4EFBA-34AE-456E-932B-C93AE42E2C24}.Debug|Any CPU.ActiveCfg = Debug|Any CPU
		{0BB4EFBA-34AE-456E-932B-C93AE42E2C24}.Debug|Any CPU.Build.0 = Debug|Any CPU
		{0BB4EFBA-34AE-456E-932B-C93AE42E2C24}.Release|Any CPU.ActiveCfg = Release|Any CPU
		{0BB4EFBA-34AE-456E-932B-C93AE42E2C24}.Release|Any CPU.Build.0 = Release|Any CPU
		{BE660EF4-6BE1-47D7-8F11-F1F8AAF6BD10}.Debug|Any CPU.ActiveCfg = Debug|Any CPU
		{BE660EF4-6BE1-47D7-8F11-F1F8AAF6BD10}.Debug|Any CPU.Build.0 = Debug|Any CPU
		{BE660EF4-6BE1-47D7-8F11-F1F8AAF6BD10}.Release|Any CPU.ActiveCfg = Release|Any CPU
		{BE660EF4-6BE1-47D7-8F11-F1F8AAF6BD10}.Release|Any CPU.Build.0 = Release|Any CPU
		{FCE5DA40-AC91-4DF9-A315-CC4594D71625}.Debug|Any CPU.ActiveCfg = Debug|Any CPU
		{FCE5DA40-AC91-4DF9-A315-CC4594D71625}.Debug|Any CPU.Build.0 = Debug|Any CPU
		{FCE5DA40-AC91-4DF9-A315-CC4594D71625}.Release|Any CPU.ActiveCfg = Release|Any CPU
		{FCE5DA40-AC91-4DF9-A315-CC4594D71625}.Release|Any CPU.Build.0 = Release|Any CPU
		{4757BB23-8BF0-46BB-8EF7-21EA2251531F}.Debug|Any CPU.ActiveCfg = Debug|Any CPU
		{4757BB23-8BF0-46BB-8EF7-21EA2251531F}.Debug|Any CPU.Build.0 = Debug|Any CPU
		{4757BB23-8BF0-46BB-8EF7-21EA2251531F}.Release|Any CPU.ActiveCfg = Release|Any CPU
		{4757BB23-8BF0-46BB-8EF7-21EA2251531F}.Release|Any CPU.Build.0 = Release|Any CPU
		{3E747610-8CF6-41D9-BA61-16824A3F95B2}.Debug|Any CPU.ActiveCfg = Debug|Any CPU
		{3E747610-8CF6-41D9-BA61-16824A3F95B2}.Debug|Any CPU.Build.0 = Debug|Any CPU
		{3E747610-8CF6-41D9-BA61-16824A3F95B2}.Release|Any CPU.ActiveCfg = Release|Any CPU
		{3E747610-8CF6-41D9-BA61-16824A3F95B2}.Release|Any CPU.Build.0 = Release|Any CPU
		{5029F47B-E1C5-4AFC-AB69-AAEF9D85DD48}.Debug|Any CPU.ActiveCfg = Debug|Any CPU
		{5029F47B-E1C5-4AFC-AB69-AAEF9D85DD48}.Debug|Any CPU.Build.0 = Debug|Any CPU
		{5029F47B-E1C5-4AFC-AB69-AAEF9D85DD48}.Release|Any CPU.ActiveCfg = Release|Any CPU
		{5029F47B-E1C5-4AFC-AB69-AAEF9D85DD48}.Release|Any CPU.Build.0 = Release|Any CPU
		{C31C44AB-8865-44DF-BCFD-B64E255F040B}.Debug|Any CPU.ActiveCfg = Debug|Any CPU
		{C31C44AB-8865-44DF-BCFD-B64E255F040B}.Debug|Any CPU.Build.0 = Debug|Any CPU
		{C31C44AB-8865-44DF-BCFD-B64E255F040B}.Release|Any CPU.ActiveCfg = Release|Any CPU
		{C31C44AB-8865-44DF-BCFD-B64E255F040B}.Release|Any CPU.Build.0 = Release|Any CPU
	EndGlobalSection
	GlobalSection(SolutionProperties) = preSolution
		HideSolutionNode = FALSE
	EndGlobalSection
	GlobalSection(NestedProjects) = preSolution
		{A494F045-2169-40EF-828F-D1EE8307A101} = {660DA004-8DA9-4955-B743-7DC0775B22B6}
		{52453AD4-1CB6-4F6A-B93F-FD20172A0A04} = {DA2B2593-4642-4C9F-9D15-2F64D8B9CA1C}
		{3763444D-C277-47A8-B0EB-233F632BBE96} = {DA2B2593-4642-4C9F-9D15-2F64D8B9CA1C}
		{77C04EF5-B8AF-49E3-9732-7EF99CEFFD54} = {9061B569-A4A3-47B9-8F23-5C04F3526046}
		{03FDC27C-A150-444A-AAEC-E155FD61A0AA} = {9061B569-A4A3-47B9-8F23-5C04F3526046}
		{1861FBAF-F851-4825-844C-77A4B04AA0FC} = {9061B569-A4A3-47B9-8F23-5C04F3526046}
		{CB8B3D5F-FBE8-47C3-9C5D-A74020FD9011} = {DA2B2593-4642-4C9F-9D15-2F64D8B9CA1C}
		{94DCEE1E-0FDA-46FC-BA37-4E5193B12902} = {DA2B2593-4642-4C9F-9D15-2F64D8B9CA1C}
		{8313D982-3BD6-439B-8B4E-9854CBFCE6C5} = {3E289CDB-B035-46B7-8127-DCAAE67734B2}
		{B520213F-873A-4C46-844E-1E5A49B50D1A} = {660DA004-8DA9-4955-B743-7DC0775B22B6}
		{4289F61F-08F1-42FA-A8F1-AAF9BE24D2DF} = {9061B569-A4A3-47B9-8F23-5C04F3526046}
		{565771E4-0CEF-4A74-BAAC-BC1ABDCBDEA3} = {9061B569-A4A3-47B9-8F23-5C04F3526046}
		{0BB4EFBA-34AE-456E-932B-C93AE42E2C24} = {9061B569-A4A3-47B9-8F23-5C04F3526046}
		{BE660EF4-6BE1-47D7-8F11-F1F8AAF6BD10} = {9061B569-A4A3-47B9-8F23-5C04F3526046}
		{FCE5DA40-AC91-4DF9-A315-CC4594D71625} = {9061B569-A4A3-47B9-8F23-5C04F3526046}
		{4757BB23-8BF0-46BB-8EF7-21EA2251531F} = {DA2B2593-4642-4C9F-9D15-2F64D8B9CA1C}
		{3E747610-8CF6-41D9-BA61-16824A3F95B2} = {DA2B2593-4642-4C9F-9D15-2F64D8B9CA1C}
		{5029F47B-E1C5-4AFC-AB69-AAEF9D85DD48} = {DA2B2593-4642-4C9F-9D15-2F64D8B9CA1C}
		{C31C44AB-8865-44DF-BCFD-B64E255F040B} = {9061B569-A4A3-47B9-8F23-5C04F3526046}
	EndGlobalSection
	GlobalSection(ExtensibilityGlobals) = postSolution
		SolutionGuid = {BDE7EDEE-E5DB-4F69-8BE2-21FE15B3001B}
	EndGlobalSection
EndGlobal
