
Microsoft Visual Studio Solution File, Format Version 12.00
# Visual Studio 15
VisualStudioVersion = 15.0.27130.2027
MinimumVisualStudioVersion = 10.0.40219.1
Project("{2150E333-8FDC-42A3-9474-1A3956D46DE8}") = "UI", "UI", "{660DA004-8DA9-4955-B743-7DC0775B22B6}"
EndProject
Project("{FAE04EC0-301F-11D3-BF4B-00C04F79EFBC}") = "TradingBot.WinForms", "TradingBot.WinForms\TradingBot.WinForms.csproj", "{71495B78-CAB1-4974-B1D0-70DAC2E1857D}"
EndProject
Project("{FAE04EC0-301F-11D3-BF4B-00C04F79EFBC}") = "TradingBot.WPF", "TradingBot.WPF\TradingBot.WPF.csproj", "{BBD24B50-9124-43FC-B750-B776C7989D4C}"
EndProject
Project("{9A19103F-16F7-4668-BE54-9A1E7A4F7556}") = "TradingBot.Web", "TradingBot.Web\TradingBot.Web.csproj", "{547B8E4B-3BB0-4AAD-A094-CBCA31BB09DF}"
EndProject
Project("{9A19103F-16F7-4668-BE54-9A1E7A4F7556}") = "TradingBot.CommandPrompt", "TradingBot.CommandPrompt\TradingBot.CommandPrompt.csproj", "{A494F045-2169-40EF-828F-D1EE8307A101}"
EndProject
Project("{2150E333-8FDC-42A3-9474-1A3956D46DE8}") = "Core", "Core", "{DA2B2593-4642-4C9F-9D15-2F64D8B9CA1C}"
EndProject
Project("{9A19103F-16F7-4668-BE54-9A1E7A4F7556}") = "TradingBot.Core", "TradingBot.Core\TradingBot.Core.csproj", "{52453AD4-1CB6-4F6A-B93F-FD20172A0A04}"
EndProject
Project("{2150E333-8FDC-42A3-9474-1A3956D46DE8}") = "Exchange.API", "Exchange.API", "{9061B569-A4A3-47B9-8F23-5C04F3526046}"
EndProject
Project("{FAE04EC0-301F-11D3-BF4B-00C04F79EFBC}") = "TradingBot.Domain", "Domain\TradingBot.Domain.csproj", "{0C9EF55E-F464-42F3-A345-E01DFA548BCC}"
EndProject
Project("{FAE04EC0-301F-11D3-BF4B-00C04F79EFBC}") = "TradingBot.Cmd", "TradingBot.Console\TradingBot.Cmd.csproj", "{157E9E59-AAB3-4328-A13E-800B15E61CAF}"
EndProject
Project("{FAE04EC0-301F-11D3-BF4B-00C04F79EFBC}") = "TradinBot.Services", "TradinBot.Services\TradinBot.Services.csproj", "{E8E30FA4-4BB3-4EAD-A120-30B14ADB73E2}"
EndProject
Project("{9A19103F-16F7-4668-BE54-9A1E7A4F7556}") = "TradingBot.Data", "TradingBot.Data\TradingBot.Data.csproj", "{3763444D-C277-47A8-B0EB-233F632BBE96}"
EndProject
Project("{9A19103F-16F7-4668-BE54-9A1E7A4F7556}") = "Bitfinex.Api", "Exchange.API\Bitfinex.Api\Bitfinex.Api.csproj", "{77C04EF5-B8AF-49E3-9732-7EF99CEFFD54}"
EndProject
Project("{9A19103F-16F7-4668-BE54-9A1E7A4F7556}") = "Exmo.Api", "Exchange.API\Exmo.Api\Exmo.Api.csproj", "{03FDC27C-A150-444A-AAEC-E155FD61A0AA}"
EndProject
Project("{9A19103F-16F7-4668-BE54-9A1E7A4F7556}") = "Yobit.Api", "Exchange.API\Yobit.Api\Yobit.Api.csproj", "{1861FBAF-F851-4825-844C-77A4B04AA0FC}"
EndProject
Global
	GlobalSection(SolutionConfigurationPlatforms) = preSolution
		Debug|Any CPU = Debug|Any CPU
		Release|Any CPU = Release|Any CPU
	EndGlobalSection
	GlobalSection(ProjectConfigurationPlatforms) = postSolution
		{71495B78-CAB1-4974-B1D0-70DAC2E1857D}.Debug|Any CPU.ActiveCfg = Debug|Any CPU
		{71495B78-CAB1-4974-B1D0-70DAC2E1857D}.Debug|Any CPU.Build.0 = Debug|Any CPU
		{71495B78-CAB1-4974-B1D0-70DAC2E1857D}.Release|Any CPU.ActiveCfg = Release|Any CPU
		{71495B78-CAB1-4974-B1D0-70DAC2E1857D}.Release|Any CPU.Build.0 = Release|Any CPU
		{BBD24B50-9124-43FC-B750-B776C7989D4C}.Debug|Any CPU.ActiveCfg = Debug|Any CPU
		{BBD24B50-9124-43FC-B750-B776C7989D4C}.Debug|Any CPU.Build.0 = Debug|Any CPU
		{BBD24B50-9124-43FC-B750-B776C7989D4C}.Release|Any CPU.ActiveCfg = Release|Any CPU
		{BBD24B50-9124-43FC-B750-B776C7989D4C}.Release|Any CPU.Build.0 = Release|Any CPU
		{547B8E4B-3BB0-4AAD-A094-CBCA31BB09DF}.Debug|Any CPU.ActiveCfg = Debug|Any CPU
		{547B8E4B-3BB0-4AAD-A094-CBCA31BB09DF}.Debug|Any CPU.Build.0 = Debug|Any CPU
		{547B8E4B-3BB0-4AAD-A094-CBCA31BB09DF}.Release|Any CPU.ActiveCfg = Release|Any CPU
		{547B8E4B-3BB0-4AAD-A094-CBCA31BB09DF}.Release|Any CPU.Build.0 = Release|Any CPU
		{A494F045-2169-40EF-828F-D1EE8307A101}.Debug|Any CPU.ActiveCfg = Debug|Any CPU
		{A494F045-2169-40EF-828F-D1EE8307A101}.Debug|Any CPU.Build.0 = Debug|Any CPU
		{A494F045-2169-40EF-828F-D1EE8307A101}.Release|Any CPU.ActiveCfg = Release|Any CPU
		{A494F045-2169-40EF-828F-D1EE8307A101}.Release|Any CPU.Build.0 = Release|Any CPU
		{52453AD4-1CB6-4F6A-B93F-FD20172A0A04}.Debug|Any CPU.ActiveCfg = Debug|Any CPU
		{52453AD4-1CB6-4F6A-B93F-FD20172A0A04}.Debug|Any CPU.Build.0 = Debug|Any CPU
		{52453AD4-1CB6-4F6A-B93F-FD20172A0A04}.Release|Any CPU.ActiveCfg = Release|Any CPU
		{52453AD4-1CB6-4F6A-B93F-FD20172A0A04}.Release|Any CPU.Build.0 = Release|Any CPU
		{0C9EF55E-F464-42F3-A345-E01DFA548BCC}.Debug|Any CPU.ActiveCfg = Debug|Any CPU
		{0C9EF55E-F464-42F3-A345-E01DFA548BCC}.Debug|Any CPU.Build.0 = Debug|Any CPU
		{0C9EF55E-F464-42F3-A345-E01DFA548BCC}.Release|Any CPU.ActiveCfg = Release|Any CPU
		{0C9EF55E-F464-42F3-A345-E01DFA548BCC}.Release|Any CPU.Build.0 = Release|Any CPU
		{157E9E59-AAB3-4328-A13E-800B15E61CAF}.Debug|Any CPU.ActiveCfg = Debug|Any CPU
		{157E9E59-AAB3-4328-A13E-800B15E61CAF}.Debug|Any CPU.Build.0 = Debug|Any CPU
		{157E9E59-AAB3-4328-A13E-800B15E61CAF}.Release|Any CPU.ActiveCfg = Release|Any CPU
		{157E9E59-AAB3-4328-A13E-800B15E61CAF}.Release|Any CPU.Build.0 = Release|Any CPU
		{E8E30FA4-4BB3-4EAD-A120-30B14ADB73E2}.Debug|Any CPU.ActiveCfg = Debug|Any CPU
		{E8E30FA4-4BB3-4EAD-A120-30B14ADB73E2}.Debug|Any CPU.Build.0 = Debug|Any CPU
		{E8E30FA4-4BB3-4EAD-A120-30B14ADB73E2}.Release|Any CPU.ActiveCfg = Release|Any CPU
		{E8E30FA4-4BB3-4EAD-A120-30B14ADB73E2}.Release|Any CPU.Build.0 = Release|Any CPU
		{3763444D-C277-47A8-B0EB-233F632BBE96}.Debug|Any CPU.ActiveCfg = Debug|Any CPU
		{3763444D-C277-47A8-B0EB-233F632BBE96}.Debug|Any CPU.Build.0 = Debug|Any CPU
		{3763444D-C277-47A8-B0EB-233F632BBE96}.Release|Any CPU.ActiveCfg = Release|Any CPU
		{3763444D-C277-47A8-B0EB-233F632BBE96}.Release|Any CPU.Build.0 = Release|Any CPU
		{77C04EF5-B8AF-49E3-9732-7EF99CEFFD54}.Debug|Any CPU.ActiveCfg = Debug|Any CPU
		{77C04EF5-B8AF-49E3-9732-7EF99CEFFD54}.Debug|Any CPU.Build.0 = Debug|Any CPU
		{77C04EF5-B8AF-49E3-9732-7EF99CEFFD54}.Release|Any CPU.ActiveCfg = Release|Any CPU
		{77C04EF5-B8AF-49E3-9732-7EF99CEFFD54}.Release|Any CPU.Build.0 = Release|Any CPU
		{03FDC27C-A150-444A-AAEC-E155FD61A0AA}.Debug|Any CPU.ActiveCfg = Debug|Any CPU
		{03FDC27C-A150-444A-AAEC-E155FD61A0AA}.Debug|Any CPU.Build.0 = Debug|Any CPU
		{03FDC27C-A150-444A-AAEC-E155FD61A0AA}.Release|Any CPU.ActiveCfg = Release|Any CPU
		{03FDC27C-A150-444A-AAEC-E155FD61A0AA}.Release|Any CPU.Build.0 = Release|Any CPU
		{1861FBAF-F851-4825-844C-77A4B04AA0FC}.Debug|Any CPU.ActiveCfg = Debug|Any CPU
		{1861FBAF-F851-4825-844C-77A4B04AA0FC}.Debug|Any CPU.Build.0 = Debug|Any CPU
		{1861FBAF-F851-4825-844C-77A4B04AA0FC}.Release|Any CPU.ActiveCfg = Release|Any CPU
		{1861FBAF-F851-4825-844C-77A4B04AA0FC}.Release|Any CPU.Build.0 = Release|Any CPU
	EndGlobalSection
	GlobalSection(SolutionProperties) = preSolution
		HideSolutionNode = FALSE
	EndGlobalSection
	GlobalSection(NestedProjects) = preSolution
		{71495B78-CAB1-4974-B1D0-70DAC2E1857D} = {660DA004-8DA9-4955-B743-7DC0775B22B6}
		{BBD24B50-9124-43FC-B750-B776C7989D4C} = {660DA004-8DA9-4955-B743-7DC0775B22B6}
		{547B8E4B-3BB0-4AAD-A094-CBCA31BB09DF} = {660DA004-8DA9-4955-B743-7DC0775B22B6}
		{A494F045-2169-40EF-828F-D1EE8307A101} = {660DA004-8DA9-4955-B743-7DC0775B22B6}
		{52453AD4-1CB6-4F6A-B93F-FD20172A0A04} = {DA2B2593-4642-4C9F-9D15-2F64D8B9CA1C}
		{0C9EF55E-F464-42F3-A345-E01DFA548BCC} = {DA2B2593-4642-4C9F-9D15-2F64D8B9CA1C}
		{157E9E59-AAB3-4328-A13E-800B15E61CAF} = {660DA004-8DA9-4955-B743-7DC0775B22B6}
		{E8E30FA4-4BB3-4EAD-A120-30B14ADB73E2} = {DA2B2593-4642-4C9F-9D15-2F64D8B9CA1C}
		{3763444D-C277-47A8-B0EB-233F632BBE96} = {DA2B2593-4642-4C9F-9D15-2F64D8B9CA1C}
		{77C04EF5-B8AF-49E3-9732-7EF99CEFFD54} = {9061B569-A4A3-47B9-8F23-5C04F3526046}
		{03FDC27C-A150-444A-AAEC-E155FD61A0AA} = {9061B569-A4A3-47B9-8F23-5C04F3526046}
		{1861FBAF-F851-4825-844C-77A4B04AA0FC} = {9061B569-A4A3-47B9-8F23-5C04F3526046}
	EndGlobalSection
	GlobalSection(ExtensibilityGlobals) = postSolution
		SolutionGuid = {BDE7EDEE-E5DB-4F69-8BE2-21FE15B3001B}
	EndGlobalSection
EndGlobal
